
Microsoft Visual Studio Solution File, Format Version 12.00
# Visual Studio Version 17
VisualStudioVersion = 17.9.34723.18
MinimumVisualStudioVersion = 10.0.40219.1
Project("{FAE04EC0-301F-11D3-BF4B-00C04F79EFBC}") = "Client", "Client\Client.csproj", "{1DAC2324-1AB6-475F-85EA-0C90FFA8EE74}"
EndProject
Project("{2150E333-8FDC-42A3-9474-1A3956D46DE8}") = "Solution Items", "Solution Items", "{0F9458A6-7087-4117-98AC-F7AA62A19AE2}"
	ProjectSection(SolutionItems) = preProject
		.editorconfig = .editorconfig
	EndProjectSection
EndProject
Global
	GlobalSection(SolutionConfigurationPlatforms) = preSolution
		Debug|Any CPU = Debug|Any CPU
		Release|Any CPU = Release|Any CPU
	EndGlobalSection
	GlobalSection(ProjectConfigurationPlatforms) = postSolution
		{1DAC2324-1AB6-475F-85EA-0C90FFA8EE74}.Debug|Any CPU.ActiveCfg = Debug|Any CPU
		{1DAC2324-1AB6-475F-85EA-0C90FFA8EE74}.Debug|Any CPU.Build.0 = Debug|Any CPU
		{1DAC2324-1AB6-475F-85EA-0C90FFA8EE74}.Release|Any CPU.ActiveCfg = Release|Any CPU
		{1DAC2324-1AB6-475F-85EA-0C90FFA8EE74}.Release|Any CPU.Build.0 = Release|Any CPU
	EndGlobalSection
	GlobalSection(SolutionProperties) = preSolution
		HideSolutionNode = FALSE
	EndGlobalSection
	GlobalSection(ExtensibilityGlobals) = postSolution
		SolutionGuid = {CE504D8B-52D4-4E07-97B8-FCF2A106141A}
	EndGlobalSection
EndGlobal
